# THIS IS AN AUTOGENERATED FILE. DO NOT EDIT THIS FILE DIRECTLY.
# yarn lockfile v1


"@distdns/core@distdns/core#master":
  version "0.1.2"
  resolved "https://codeload.github.com/distdns/core/tar.gz/31e3522a4a59e682a89d48e492523b140b20acf9"
  dependencies:
    dns-packet "^4.0.0"
    thunky "^1.0.2"

dns-packet@^4.0.0:
  version "4.2.0"
  resolved "https://registry.npmjs.org/dns-packet/-/dns-packet-4.2.0.tgz#3fd6f5ff5a4ec3194ed0b15312693ffe8776b343"
  dependencies:
    ip "^1.1.5"
    safe-buffer "^5.1.1"

ip@^1.1.5:
  version "1.1.5"
  resolved "https://registry.npmjs.org/ip/-/ip-1.1.5.tgz#bdded70114290828c0a039e72ef25f5aaec4354a"

safe-buffer@^5.1.1:
  version "5.1.2"
  resolved "https://registry.npmjs.org/safe-buffer/-/safe-buffer-5.1.2.tgz#991ec69d296e0313747d59bdfd2b745c35f8828d"

thunky@^1.0.2:
  version "1.0.2"
  resolved "https://registry.npmjs.org/thunky/-/thunky-1.0.2.tgz#a862e018e3fb1ea2ec3fce5d55605cf57f247371"
